
Microsoft Visual Studio Solution File, Format Version 12.00
# Visual Studio Version 17
VisualStudioVersion = 17.2.32526.322
MinimumVisualStudioVersion = 10.0.40219.1
Project("{FAE04EC0-301F-11D3-BF4B-00C04F79EFBC}") = "GraficosNetCore", "GraficosNetCore\GraficosNetCore.csproj", "{4683ACA7-1F68-4AD7-B051-4B1FF4AA50B5}"
EndProject
Global
	GlobalSection(SolutionConfigurationPlatforms) = preSolution
		Debug|Any CPU = Debug|Any CPU
		Release|Any CPU = Release|Any CPU
	EndGlobalSection
	GlobalSection(ProjectConfigurationPlatforms) = postSolution
		{4683ACA7-1F68-4AD7-B051-4B1FF4AA50B5}.Debug|Any CPU.ActiveCfg = Debug|Any CPU
		{4683ACA7-1F68-4AD7-B051-4B1FF4AA50B5}.Debug|Any CPU.Build.0 = Debug|Any CPU
		{4683ACA7-1F68-4AD7-B051-4B1FF4AA50B5}.Release|Any CPU.ActiveCfg = Release|Any CPU
		{4683ACA7-1F68-4AD7-B051-4B1FF4AA50B5}.Release|Any CPU.Build.0 = Release|Any CPU
	EndGlobalSection
	GlobalSection(SolutionProperties) = preSolution
		HideSolutionNode = FALSE
	EndGlobalSection
	GlobalSection(ExtensibilityGlobals) = postSolution
		SolutionGuid = {19FC7DBE-0889-4F0D-9179-8E5AB0B52D94}
	EndGlobalSection
EndGlobal
